// !$*UTF8*$!
{
	archiveVersion = 1;
	classes = {
	};
	objectVersion = 60;
	objects = {

/* Begin PBXBuildFile section */
		733369882E4F733800A9977C /* SAM2TinyImageEncoderFLOAT16.mlpackage in Resources */ = {isa = PBXBuildFile; fileRef = 733369852E4F733800A9977C /* SAM2TinyImageEncoderFLOAT16.mlpackage */; };
		733369892E4F733800A9977C /* SAM2TinyMaskDecoderFLOAT16.mlpackage in Resources */ = {isa = PBXBuildFile; fileRef = 733369862E4F733800A9977C /* SAM2TinyMaskDecoderFLOAT16.mlpackage */; };
		7333698A2E4F733800A9977C /* SAM2TinyPromptEncoderFLOAT16.mlpackage in Resources */ = {isa = PBXBuildFile; fileRef = 733369872E4F733800A9977C /* SAM2TinyPromptEncoderFLOAT16.mlpackage */; };
		A01234561234567890ABCDEF /* SAMKitDemoApp.swift in Sources */ = {isa = PBXBuildFile; fileRef = A01234551234567890ABCDEF /* SAMKitDemoApp.swift */; };
		A01234581234567890ABCDEF /* ContentView.swift in Sources */ = {isa = PBXBuildFile; fileRef = A01234571234567890ABCDEF /* ContentView.swift */; };
		A012345A1234567890ABCDEF /* Assets.xcassets in Resources */ = {isa = PBXBuildFile; fileRef = A01234591234567890ABCDEF /* Assets.xcassets */; };
		A012345D1234567890ABCDEF /* Preview Assets.xcassets in Resources */ = {isa = PBXBuildFile; fileRef = A012345C1234567890ABCDEF /* Preview Assets.xcassets */; };
		A01234651234567890ABCDEF /* SAMKit in Frameworks */ = {isa = PBXBuildFile; productRef = A01234641234567890ABCDEF /* SAMKit */; };
		A01234671234567890ABCDEF /* SAMKitUI in Frameworks */ = {isa = PBXBuildFile; productRef = A01234661234567890ABCDEF /* SAMKitUI */; };
/* End PBXBuildFile section */

/* Begin PBXFileReference section */
		733369852E4F733800A9977C /* SAM2TinyImageEncoderFLOAT16.mlpackage */ = {isa = PBXFileReference; lastKnownFileType = folder.mlpackage; path = SAM2TinyImageEncoderFLOAT16.mlpackage; sourceTree = "<group>"; };
		733369862E4F733800A9977C /* SAM2TinyMaskDecoderFLOAT16.mlpackage */ = {isa = PBXFileReference; lastKnownFileType = folder.mlpackage; path = SAM2TinyMaskDecoderFLOAT16.mlpackage; sourceTree = "<group>"; };
		733369872E4F733800A9977C /* SAM2TinyPromptEncoderFLOAT16.mlpackage */ = {isa = PBXFileReference; lastKnownFileType = folder.mlpackage; path = SAM2TinyPromptEncoderFLOAT16.mlpackage; sourceTree = "<group>"; };
		A01234521234567890ABCDEF /* SAMKitDemo.app */ = {isa = PBXFileReference; explicitFileType = wrapper.application; includeInIndex = 0; path = SAMKitDemo.app; sourceTree = BUILT_PRODUCTS_DIR; };
		A01234551234567890ABCDEF /* SAMKitDemoApp.swift */ = {isa = PBXFileReference; lastKnownFileType = sourcecode.swift; path = SAMKitDemoApp.swift; sourceTree = "<group>"; };
		A01234571234567890ABCDEF /* ContentView.swift */ = {isa = PBXFileReference; lastKnownFileType = sourcecode.swift; path = ContentView.swift; sourceTree = "<group>"; };
		A01234591234567890ABCDEF /* Assets.xcassets */ = {isa = PBXFileReference; lastKnownFileType = folder.assetcatalog; path = Assets.xcassets; sourceTree = "<group>"; };
		A012345C1234567890ABCDEF /* Preview Assets.xcassets */ = {isa = PBXFileReference; lastKnownFileType = folder.assetcatalog; path = "Preview Assets.xcassets"; sourceTree = "<group>"; };
		A012345E1234567890ABCDEF /* Info.plist */ = {isa = PBXFileReference; lastKnownFileType = text.plist.xml; path = Info.plist; sourceTree = "<group>"; };
/* End PBXFileReference section */

/* Begin PBXFrameworksBuildPhase section */
		A012344F1234567890ABCDEF /* Frameworks */ = {
			isa = PBXFrameworksBuildPhase;
			buildActionMask = 2147483647;
			files = (
				A01234651234567890ABCDEF /* SAMKit in Frameworks */,
				A01234671234567890ABCDEF /* SAMKitUI in Frameworks */,
			);
			runOnlyForDeploymentPostprocessing = 0;
		};
/* End PBXFrameworksBuildPhase section */

/* Begin PBXGroup section */
		A01234491234567890ABCDEF = {
			isa = PBXGroup;
			children = (
				A01234541234567890ABCDEF /* SAMKitDemo */,
				A01234531234567890ABCDEF /* Products */,
			);
			sourceTree = "<group>";
		};
		A01234531234567890ABCDEF /* Products */ = {
			isa = PBXGroup;
			children = (
				A01234521234567890ABCDEF /* SAMKitDemo.app */,
			);
			name = Products;
			sourceTree = "<group>";
		};
		A01234541234567890ABCDEF /* SAMKitDemo */ = {
			isa = PBXGroup;
			children = (
				733369852E4F733800A9977C /* SAM2TinyImageEncoderFLOAT16.mlpackage */,
				733369862E4F733800A9977C /* SAM2TinyMaskDecoderFLOAT16.mlpackage */,
				733369872E4F733800A9977C /* SAM2TinyPromptEncoderFLOAT16.mlpackage */,
				A01234551234567890ABCDEF /* SAMKitDemoApp.swift */,
				A01234571234567890ABCDEF /* ContentView.swift */,
				A01234591234567890ABCDEF /* Assets.xcassets */,
				A012345E1234567890ABCDEF /* Info.plist */,
				A012345B1234567890ABCDEF /* Preview Content */,
			);
			path = SAMKitDemo;
			sourceTree = "<group>";
		};
		A012345B1234567890ABCDEF /* Preview Content */ = {
			isa = PBXGroup;
			children = (
				A012345C1234567890ABCDEF /* Preview Assets.xcassets */,
			);
			path = "Preview Content";
			sourceTree = "<group>";
		};
/* End PBXGroup section */

/* Begin PBXNativeTarget section */
		A01234511234567890ABCDEF /* SAMKitDemo */ = {
			isa = PBXNativeTarget;
			buildConfigurationList = A01234601234567890ABCDEF /* Build configuration list for PBXNativeTarget "SAMKitDemo" */;
			buildPhases = (
				A012344E1234567890ABCDEF /* Sources */,
				A012344F1234567890ABCDEF /* Frameworks */,
				A01234501234567890ABCDEF /* Resources */,
			);
			buildRules = (
			);
			dependencies = (
			);
			name = SAMKitDemo;
			packageProductDependencies = (
				A01234641234567890ABCDEF /* SAMKit */,
				A01234661234567890ABCDEF /* SAMKitUI */,
			);
			productName = SAMKitDemo;
			productReference = A01234521234567890ABCDEF /* SAMKitDemo.app */;
			productType = "com.apple.product-type.application";
		};
/* End PBXNativeTarget section */

/* Begin PBXProject section */
		A012344A1234567890ABCDEF /* Project object */ = {
			isa = PBXProject;
			attributes = {
				BuildIndependentTargetsInParallel = 1;
				LastSwiftUpdateCheck = 1500;
				LastUpgradeCheck = 1500;
				TargetAttributes = {
					A01234511234567890ABCDEF = {
						CreatedOnToolsVersion = 15.0;
					};
				};
			};
			buildConfigurationList = A012344D1234567890ABCDEF /* Build configuration list for PBXProject "SAMKitDemo" */;
			compatibilityVersion = "Xcode 14.0";
			developmentRegion = en;
			hasScannedForEncodings = 0;
			knownRegions = (
				en,
				Base,
			);
			mainGroup = A01234491234567890ABCDEF;
			packageReferences = (
				A01234631234567890ABCDEF /* XCLocalSwiftPackageReference "../../runtime/apple" */,
			);
			productRefGroup = A01234531234567890ABCDEF /* Products */;
			projectDirPath = "";
			projectRoot = "";
			targets = (
				A01234511234567890ABCDEF /* SAMKitDemo */,
			);
		};
/* End PBXProject section */

/* Begin PBXResourcesBuildPhase section */
		A01234501234567890ABCDEF /* Resources */ = {
			isa = PBXResourcesBuildPhase;
			buildActionMask = 2147483647;
			files = (
				A012345D1234567890ABCDEF /* Preview Assets.xcassets in Resources */,
				A012345A1234567890ABCDEF /* Assets.xcassets in Resources */,
				733369882E4F733800A9977C /* SAM2TinyImageEncoderFLOAT16.mlpackage in Resources */,
				733369892E4F733800A9977C /* SAM2TinyMaskDecoderFLOAT16.mlpackage in Resources */,
				7333698A2E4F733800A9977C /* SAM2TinyPromptEncoderFLOAT16.mlpackage in Resources */,
			);
			runOnlyForDeploymentPostprocessing = 0;
		};
/* End PBXResourcesBuildPhase section */

/* Begin PBXSourcesBuildPhase section */
		A012344E1234567890ABCDEF /* Sources */ = {
			isa = PBXSourcesBuildPhase;
			buildActionMask = 2147483647;
			files = (
				A01234581234567890ABCDEF /* ContentView.swift in Sources */,
				A01234561234567890ABCDEF /* SAMKitDemoApp.swift in Sources */,
			);
			runOnlyForDeploymentPostprocessing = 0;
		};
/* End PBXSourcesBuildPhase section */

/* Begin XCBuildConfiguration section */
		A012344B1234567890ABCDEF /* Debug */ = {
			isa = XCBuildConfiguration;
			buildSettings = {
				ALWAYS_SEARCH_USER_PATHS = NO;
				ASSETCATALOG_COMPILER_GENERATE_SWIFT_ASSET_SYMBOL_EXTENSIONS = YES;
				CLANG_ANALYZER_NONNULL = YES;
				CLANG_ANALYZER_NUMBER_OBJECT_CONVERSION = YES_AGGRESSIVE;
				CLANG_CXX_LANGUAGE_STANDARD = "gnu++20";
				CLANG_ENABLE_MODULES = YES;
				CLANG_ENABLE_OBJC_ARC = YES;
				CLANG_ENABLE_OBJC_WEAK = YES;
				CLANG_WARN_BLOCK_CAPTURE_AUTORELEASING = YES;
				CLANG_WARN_BOOL_CONVERSION = YES;
				CLANG_WARN_COMMA = YES;
				CLANG_WARN_CONSTANT_CONVERSION = YES;
				CLANG_WARN_DEPRECATED_OBJC_IMPLEMENTATIONS = YES;
				CLANG_WARN_DIRECT_OBJC_ISA_USAGE = YES_ERROR;
				CLANG_WARN_DOCUMENTATION_COMMENTS = YES;
				CLANG_WARN_EMPTY_BODY = YES;
				CLANG_WARN_ENUM_CONVERSION = YES;
				CLANG_WARN_INFINITE_RECURSION = YES;
				CLANG_WARN_INT_CONVERSION = YES;
				CLANG_WARN_NON_LITERAL_NULL_CONVERSION = YES;
				CLANG_WARN_OBJC_IMPLICIT_RETAIN_SELF = YES;
				CLANG_WARN_OBJC_LITERAL_CONVERSION = YES;
				CLANG_WARN_OBJC_ROOT_CLASS = YES_ERROR;
				CLANG_WARN_QUOTED_INCLUDE_IN_FRAMEWORK_HEADER = YES;
				CLANG_WARN_RANGE_LOOP_ANALYSIS = YES;
				CLANG_WARN_STRICT_PROTOTYPES = YES;
				CLANG_WARN_SUSPICIOUS_MOVE = YES;
				CLANG_WARN_UNGUARDED_AVAILABILITY = YES_AGGRESSIVE;
				CLANG_WARN_UNREACHABLE_CODE = YES;
				CLANG_WARN__DUPLICATE_METHOD_MATCH = YES;
				COPY_PHASE_STRIP = NO;
				DEBUG_INFORMATION_FORMAT = dwarf;
				ENABLE_STRICT_OBJC_MSGSEND = YES;
				ENABLE_TESTABILITY = YES;
				ENABLE_USER_SCRIPT_SANDBOXING = YES;
				GCC_C_LANGUAGE_STANDARD = gnu17;
				GCC_DYNAMIC_NO_PIC = NO;
				GCC_NO_COMMON_BLOCKS = YES;
				GCC_OPTIMIZATION_LEVEL = 0;
				GCC_PREPROCESSOR_DEFINITIONS = (
					"DEBUG=1",
					"$(inherited)",
				);
				GCC_WARN_64_TO_32_BIT_CONVERSION = YES;
				GCC_WARN_ABOUT_RETURN_TYPE = YES_ERROR;
				GCC_WARN_UNDECLARED_SELECTOR = YES;
				GCC_WARN_UNINITIALIZED_AUTOS = YES_AGGRESSIVE;
				GCC_WARN_UNUSED_FUNCTION = YES;
				GCC_WARN_UNUSED_VARIABLE = YES;
				IPHONEOS_DEPLOYMENT_TARGET = 17.0;
				LOCALIZATION_PREFERS_STRING_CATALOGS = YES;
				MTL_ENABLE_DEBUG_INFO = INCLUDE_SOURCE;
				MTL_FAST_MATH = YES;
				ONLY_ACTIVE_ARCH = YES;
				SDKROOT = iphoneos;
				SWIFT_ACTIVE_COMPILATION_CONDITIONS = "DEBUG $(inherited)";
				SWIFT_OPTIMIZATION_LEVEL = "-Onone";
			};
			name = Debug;
		};
		A012344C1234567890ABCDEF /* Release */ = {
			isa = XCBuildConfiguration;
			buildSettings = {
				ALWAYS_SEARCH_USER_PATHS = NO;
				ASSETCATALOG_COMPILER_GENERATE_SWIFT_ASSET_SYMBOL_EXTENSIONS = YES;
				CLANG_ANALYZER_NONNULL = YES;
				CLANG_ANALYZER_NUMBER_OBJECT_CONVERSION = YES_AGGRESSIVE;
				CLANG_CXX_LANGUAGE_STANDARD = "gnu++20";
				CLANG_ENABLE_MODULES = YES;
				CLANG_ENABLE_OBJC_ARC = YES;
				CLANG_ENABLE_OBJC_WEAK = YES;
				CLANG_WARN_BLOCK_CAPTURE_AUTORELEASING = YES;
				CLANG_WARN_BOOL_CONVERSION = YES;
				CLANG_WARN_COMMA = YES;
				CLANG_WARN_CONSTANT_CONVERSION = YES;
				CLANG_WARN_DEPRECATED_OBJC_IMPLEMENTATIONS = YES;
				CLANG_WARN_DIRECT_OBJC_ISA_USAGE = YES_ERROR;
				CLANG_WARN_DOCUMENTATION_COMMENTS = YES;
				CLANG_WARN_EMPTY_BODY = YES;
				CLANG_WARN_ENUM_CONVERSION = YES;
				CLANG_WARN_INFINITE_RECURSION = YES;
				CLANG_WARN_INT_CONVERSION = YES;
				CLANG_WARN_NON_LITERAL_NULL_CONVERSION = YES;
				CLANG_WARN_OBJC_IMPLICIT_RETAIN_SELF = YES;
				CLANG_WARN_OBJC_LITERAL_CONVERSION = YES;
				CLANG_WARN_OBJC_ROOT_CLASS = YES_ERROR;
				CLANG_WARN_QUOTED_INCLUDE_IN_FRAMEWORK_HEADER = YES;
				CLANG_WARN_RANGE_LOOP_ANALYSIS = YES;
				CLANG_WARN_STRICT_PROTOTYPES = YES;
				CLANG_WARN_SUSPICIOUS_MOVE = YES;
				CLANG_WARN_UNGUARDED_AVAILABILITY = YES_AGGRESSIVE;
				CLANG_WARN_UNREACHABLE_CODE = YES;
				CLANG_WARN__DUPLICATE_METHOD_MATCH = YES;
				COPY_PHASE_STRIP = NO;
				DEBUG_INFORMATION_FORMAT = "dwarf-with-dsym";
				ENABLE_NS_ASSERTIONS = NO;
				ENABLE_STRICT_OBJC_MSGSEND = YES;
				ENABLE_USER_SCRIPT_SANDBOXING = YES;
				GCC_C_LANGUAGE_STANDARD = gnu17;
				GCC_NO_COMMON_BLOCKS = YES;
				GCC_WARN_64_TO_32_BIT_CONVERSION = YES;
				GCC_WARN_ABOUT_RETURN_TYPE = YES_ERROR;
				GCC_WARN_UNDECLARED_SELECTOR = YES;
				GCC_WARN_UNINITIALIZED_AUTOS = YES_AGGRESSIVE;
				GCC_WARN_UNUSED_FUNCTION = YES;
				GCC_WARN_UNUSED_VARIABLE = YES;
				IPHONEOS_DEPLOYMENT_TARGET = 17.0;
				LOCALIZATION_PREFERS_STRING_CATALOGS = YES;
				MTL_ENABLE_DEBUG_INFO = NO;
				MTL_FAST_MATH = YES;
				SDKROOT = iphoneos;
				SWIFT_COMPILATION_MODE = wholemodule;
				VALIDATE_PRODUCT = YES;
			};
			name = Release;
		};
		A012344E1234567890ABCDEA /* Debug */ = {
			isa = XCBuildConfiguration;
			buildSettings = {
				ASSETCATALOG_COMPILER_APPICON_NAME = AppIcon;
				ASSETCATALOG_COMPILER_GLOBAL_ACCENT_COLOR_NAME = AccentColor;
				CODE_SIGN_STYLE = Automatic;
				CURRENT_PROJECT_VERSION = 1;
				DEVELOPMENT_ASSET_PATHS = "\"SAMKitDemo/Preview Content\"";
				DEVELOPMENT_TEAM = UFUKVC4NJ4;
				ENABLE_PREVIEWS = YES;
				GENERATE_INFOPLIST_FILE = YES;
				INFOPLIST_FILE = SAMKitDemo/Info.plist;
				INFOPLIST_KEY_NSCameraUsageDescription = "This app uses camera to capture images for segmentation";
				INFOPLIST_KEY_NSPhotoLibraryUsageDescription = "This app accesses photo library to select images for segmentation";
				INFOPLIST_KEY_UIApplicationSceneManifest_Generation = YES;
				INFOPLIST_KEY_UIApplicationSupportsIndirectInputEvents = YES;
				INFOPLIST_KEY_UILaunchScreen_Generation = YES;
				INFOPLIST_KEY_UISupportedInterfaceOrientations_iPad = "UIInterfaceOrientationPortrait UIInterfaceOrientationPortraitUpsideDown UIInterfaceOrientationLandscapeLeft UIInterfaceOrientationLandscapeRight";
				INFOPLIST_KEY_UISupportedInterfaceOrientations_iPhone = "UIInterfaceOrientationPortrait UIInterfaceOrientationLandscapeLeft UIInterfaceOrientationLandscapeRight";
				IPHONEOS_DEPLOYMENT_TARGET = 17.0;
				LD_RUNPATH_SEARCH_PATHS = (
					"$(inherited)",
					"@executable_path/Frameworks",
				);
				MARKETING_VERSION = 1.0;
				PRODUCT_BUNDLE_IDENTIFIER = com.samkit.demo;
				PRODUCT_NAME = "$(TARGET_NAME)";
				SWIFT_EMIT_LOC_STRINGS = YES;
				SWIFT_VERSION = 5.0;
				TARGETED_DEVICE_FAMILY = "1,2";
			};
			name = Debug;
		};
		A012344F1234567890ABCDEA /* Release */ = {
			isa = XCBuildConfiguration;
			buildSettings = {
				ASSETCATALOG_COMPILER_APPICON_NAME = AppIcon;
				ASSETCATALOG_COMPILER_GLOBAL_ACCENT_COLOR_NAME = AccentColor;
				CODE_SIGN_STYLE = Automatic;
				CURRENT_PROJECT_VERSION = 1;
				DEVELOPMENT_ASSET_PATHS = "\"SAMKitDemo/Preview Content\"";
				DEVELOPMENT_TEAM = UFUKVC4NJ4;
				ENABLE_PREVIEWS = YES;
				GENERATE_INFOPLIST_FILE = YES;
				INFOPLIST_FILE = SAMKitDemo/Info.plist;
				INFOPLIST_KEY_NSCameraUsageDescription = "This app uses camera to capture images for segmentation";
				INFOPLIST_KEY_NSPhotoLibraryUsageDescription = "This app accesses photo library to select images for segmentation";
				INFOPLIST_KEY_UIApplicationSceneManifest_Generation = YES;
				INFOPLIST_KEY_UIApplicationSupportsIndirectInputEvents = YES;
				INFOPLIST_KEY_UILaunchScreen_Generation = YES;
				INFOPLIST_KEY_UISupportedInterfaceOrientations_iPad = "UIInterfaceOrientationPortrait UIInterfaceOrientationPortraitUpsideDown UIInterfaceOrientationLandscapeLeft UIInterfaceOrientationLandscapeRight";
				INFOPLIST_KEY_UISupportedInterfaceOrientations_iPhone = "UIInterfaceOrientationPortrait UIInterfaceOrientationLandscapeLeft UIInterfaceOrientationLandscapeRight";
				IPHONEOS_DEPLOYMENT_TARGET = 17.0;
				LD_RUNPATH_SEARCH_PATHS = (
					"$(inherited)",
					"@executable_path/Frameworks",
				);
				MARKETING_VERSION = 1.0;
				PRODUCT_BUNDLE_IDENTIFIER = com.samkit.demo;
				PRODUCT_NAME = "$(TARGET_NAME)";
				SWIFT_EMIT_LOC_STRINGS = YES;
				SWIFT_VERSION = 5.0;
				TARGETED_DEVICE_FAMILY = "1,2";
			};
			name = Release;
		};
/* End XCBuildConfiguration section */

/* Begin XCConfigurationList section */
		A012344D1234567890ABCDEF /* Build configuration list for PBXProject "SAMKitDemo" */ = {
			isa = XCConfigurationList;
			buildConfigurations = (
				A012344B1234567890ABCDEF /* Debug */,
				A012344C1234567890ABCDEF /* Release */,
			);
			defaultConfigurationIsVisible = 0;
			defaultConfigurationName = Release;
		};
		A01234601234567890ABCDEF /* Build configuration list for PBXNativeTarget "SAMKitDemo" */ = {
			isa = XCConfigurationList;
			buildConfigurations = (
				A012344E1234567890ABCDEA /* Debug */,
				A012344F1234567890ABCDEA /* Release */,
			);
			defaultConfigurationIsVisible = 0;
			defaultConfigurationName = Release;
		};
/* End XCConfigurationList section */

/* Begin XCLocalSwiftPackageReference section */
		A01234631234567890ABCDEF /* XCLocalSwiftPackageReference "../../runtime/apple" */ = {
			isa = XCLocalSwiftPackageReference;
			relativePath = ../../runtime/apple;
		};
/* End XCLocalSwiftPackageReference section */

/* Begin XCSwiftPackageProductDependency section */
		A01234641234567890ABCDEF /* SAMKit */ = {
			isa = XCSwiftPackageProductDependency;
			package = A01234631234567890ABCDEF /* XCLocalSwiftPackageReference "../../runtime/apple" */;
			productName = SAMKit;
		};
		A01234661234567890ABCDEF /* SAMKitUI */ = {
			isa = XCSwiftPackageProductDependency;
			package = A01234631234567890ABCDEF /* XCLocalSwiftPackageReference "../../runtime/apple" */;
			productName = SAMKitUI;
		};
/* End XCSwiftPackageProductDependency section */
	};
	rootObject = A012344A1234567890ABCDEF /* Project object */;
}
